
Microsoft Visual Studio Solution File, Format Version 12.00
# Visual Studio Version 17
VisualStudioVersion = 17.7.34202.233
MinimumVisualStudioVersion = 10.0.40219.1
Project("{FAE04EC0-301F-11D3-BF4B-00C04F79EFBC}") = "Calculator", "Calculator\Calculator.csproj", "{729880B4-3925-472A-8BD8-6643AD52CE9C}"
EndProject
Global
	GlobalSection(SolutionConfigurationPlatforms) = preSolution
		Debug|Any CPU = Debug|Any CPU
		Release|Any CPU = Release|Any CPU
	EndGlobalSection
	GlobalSection(ProjectConfigurationPlatforms) = postSolution
		{729880B4-3925-472A-8BD8-6643AD52CE9C}.Debug|Any CPU.ActiveCfg = Debug|Any CPU
		{729880B4-3925-472A-8BD8-6643AD52CE9C}.Debug|Any CPU.Build.0 = Debug|Any CPU
		{729880B4-3925-472A-8BD8-6643AD52CE9C}.Release|Any CPU.ActiveCfg = Release|Any CPU
		{729880B4-3925-472A-8BD8-6643AD52CE9C}.Release|Any CPU.Build.0 = Release|Any CPU
	EndGlobalSection
	GlobalSection(SolutionProperties) = preSolution
		HideSolutionNode = FALSE
	EndGlobalSection
	GlobalSection(ExtensibilityGlobals) = postSolution
		SolutionGuid = {B7723D1E-B37B-4EA5-A066-9910799933C4}
	EndGlobalSection
EndGlobal
